{
  "version": 4,
  "terraform_version": "1.5.0",
  "serial": 5,
  "lineage": "d8f69f3f-499f-1e51-0631-384a133f022f",
  "outputs": {},
  "resources": [
    {
      "mode": "managed",
      "type": "github_repository",
      "name": "example",
      "provider": "provider[\"registry.terraform.io/hashicorp/github\"]",
      "instances": [
        {
          "schema_version": 1,
          "attributes": {
            "allow_auto_merge": false,
            "allow_merge_commit": true,
            "allow_rebase_merge": true,
            "allow_squash_merge": true,
            "allow_update_branch": false,
            "archive_on_destroy": null,
            "archived": false,
            "auto_init": null,
            "default_branch": "main",
            "delete_branch_on_merge": false,
            "description": "mgc 88 is a gambling website backend developed by walking dreamz",
            "etag": "W/\"c5fac9d1c99429420230872ddfabad332d64528012cfe599040030d750669d88\"",
            "full_name": "mrswap/swatiterratest",
            "git_clone_url": "git://github.com/mrswap/swatiterratest.git",
            "gitignore_template": null,
            "has_discussions": false,
            "has_downloads": false,
            "has_issues": false,
            "has_projects": false,
            "has_wiki": false,
            "homepage_url": "",
            "html_url": "https://github.com/mrswap/swatiterratest",
            "http_clone_url": "https://github.com/mrswap/swatiterratest.git",
            "id": "swatiterratest",
            "ignore_vulnerability_alerts_during_read": null,
            "is_template": false,
            "license_template": null,
            "merge_commit_message": "PR_TITLE",
            "merge_commit_title": "MERGE_MESSAGE",
            "name": "swatiterratest",
            "node_id": "R_kgDOJwNZWg",
            "pages": [],
            "private": false,
            "repo_id": 654530906,
            "security_and_analysis": [
              {
                "advanced_security": [],
                "secret_scanning": [
                  {
                    "status": "disabled"
                  }
                ],
                "secret_scanning_push_protection": [
                  {
                    "status": "disabled"
                  }
                ]
              }
            ],
            "squash_merge_commit_message": "COMMIT_MESSAGES",
            "squash_merge_commit_title": "COMMIT_OR_PR_TITLE",
            "ssh_clone_url": "git@github.com:mrswap/swatiterratest.git",
            "svn_url": "https://github.com/mrswap/swatiterratest",
            "template": [],
            "topics": null,
            "visibility": "public",
            "vulnerability_alerts": false
          },
          "sensitive_attributes": [],
          "private": "eyJzY2hlbWFfdmVyc2lvbiI6IjEifQ=="
        }
      ]
    }
  ],
  "check_results": null
}
